// !$*UTF8*$!
{
	archiveVersion = 1;
	classes = {
	};
	objectVersion = 60;
	objects = {

/* Begin PBXBuildFile section */
		635BD53D2C3052B1005CFF31 /* VertanomApp.swift in Sources */ = {isa = PBXBuildFile; fileRef = 635BD53C2C3052B1005CFF31 /* VertanomApp.swift */; };
		635BD53F2C3052B1005CFF31 /* ContentView.swift in Sources */ = {isa = PBXBuildFile; fileRef = 635BD53E2C3052B1005CFF31 /* ContentView.swift */; };
		635BD5412C3052B3005CFF31 /* Assets.xcassets in Resources */ = {isa = PBXBuildFile; fileRef = 635BD5402C3052B3005CFF31 /* Assets.xcassets */; };
		635BD5442C3052B3005CFF31 /* Preview Assets.xcassets in Resources */ = {isa = PBXBuildFile; fileRef = 635BD5432C3052B3005CFF31 /* Preview Assets.xcassets */; };
		635BD54E2C3052B3005CFF31 /* VertanomTests.swift in Sources */ = {isa = PBXBuildFile; fileRef = 635BD54D2C3052B3005CFF31 /* VertanomTests.swift */; };
		635BD5582C3052B3005CFF31 /* VertanomUITests.swift in Sources */ = {isa = PBXBuildFile; fileRef = 635BD5572C3052B3005CFF31 /* VertanomUITests.swift */; };
		635BD55A2C3052B3005CFF31 /* VertanomUITestsLaunchTests.swift in Sources */ = {isa = PBXBuildFile; fileRef = 635BD5592C3052B3005CFF31 /* VertanomUITestsLaunchTests.swift */; };
/* End PBXBuildFile section */

/* Begin PBXContainerItemProxy section */
		635BD54A2C3052B3005CFF31 /* PBXContainerItemProxy */ = {
			isa = PBXContainerItemProxy;
			containerPortal = 635BD5312C3052B1005CFF31 /* Project object */;
			proxyType = 1;
			remoteGlobalIDString = 635BD5382C3052B1005CFF31;
			remoteInfo = Vertanom;
		};
		635BD5542C3052B3005CFF31 /* PBXContainerItemProxy */ = {
			isa = PBXContainerItemProxy;
			containerPortal = 635BD5312C3052B1005CFF31 /* Project object */;
			proxyType = 1;
			remoteGlobalIDString = 635BD5382C3052B1005CFF31;
			remoteInfo = Vertanom;
		};
/* End PBXContainerItemProxy section */

/* Begin PBXFileReference section */
		635BD5392C3052B1005CFF31 /* Vertanom.app */ = {isa = PBXFileReference; explicitFileType = wrapper.application; includeInIndex = 0; path = Vertanom.app; sourceTree = BUILT_PRODUCTS_DIR; };
		635BD53C2C3052B1005CFF31 /* VertanomApp.swift */ = {isa = PBXFileReference; lastKnownFileType = sourcecode.swift; path = VertanomApp.swift; sourceTree = "<group>"; };
		635BD53E2C3052B1005CFF31 /* ContentView.swift */ = {isa = PBXFileReference; lastKnownFileType = sourcecode.swift; path = ContentView.swift; sourceTree = "<group>"; };
		635BD5402C3052B3005CFF31 /* Assets.xcassets */ = {isa = PBXFileReference; lastKnownFileType = folder.assetcatalog; path = Assets.xcassets; sourceTree = "<group>"; };
		635BD5432C3052B3005CFF31 /* Preview Assets.xcassets */ = {isa = PBXFileReference; lastKnownFileType = folder.assetcatalog; path = "Preview Assets.xcassets"; sourceTree = "<group>"; };
		635BD5492C3052B3005CFF31 /* VertanomTests.xctest */ = {isa = PBXFileReference; explicitFileType = wrapper.cfbundle; includeInIndex = 0; path = VertanomTests.xctest; sourceTree = BUILT_PRODUCTS_DIR; };
		635BD54D2C3052B3005CFF31 /* VertanomTests.swift */ = {isa = PBXFileReference; lastKnownFileType = sourcecode.swift; path = VertanomTests.swift; sourceTree = "<group>"; };
		635BD5532C3052B3005CFF31 /* VertanomUITests.xctest */ = {isa = PBXFileReference; explicitFileType = wrapper.cfbundle; includeInIndex = 0; path = VertanomUITests.xctest; sourceTree = BUILT_PRODUCTS_DIR; };
		635BD5572C3052B3005CFF31 /* VertanomUITests.swift */ = {isa = PBXFileReference; lastKnownFileType = sourcecode.swift; path = VertanomUITests.swift; sourceTree = "<group>"; };
		635BD5592C3052B3005CFF31 /* VertanomUITestsLaunchTests.swift */ = {isa = PBXFileReference; lastKnownFileType = sourcecode.swift; path = VertanomUITestsLaunchTests.swift; sourceTree = "<group>"; };
/* End PBXFileReference section */

/* Begin PBXFrameworksBuildPhase section */
		635BD5362C3052B1005CFF31 /* Frameworks */ = {
			isa = PBXFrameworksBuildPhase;
			buildActionMask = 2147483647;
			files = (
			);
			runOnlyForDeploymentPostprocessing = 0;
		};
		635BD5462C3052B3005CFF31 /* Frameworks */ = {
			isa = PBXFrameworksBuildPhase;
			buildActionMask = 2147483647;
			files = (
			);
			runOnlyForDeploymentPostprocessing = 0;
		};
		635BD5502C3052B3005CFF31 /* Frameworks */ = {
			isa = PBXFrameworksBuildPhase;
			buildActionMask = 2147483647;
			files = (
			);
			runOnlyForDeploymentPostprocessing = 0;
		};
/* End PBXFrameworksBuildPhase section */

/* Begin PBXGroup section */
		635BD5302C3052B1005CFF31 = {
			isa = PBXGroup;
			children = (
				635BD53B2C3052B1005CFF31 /* Vertanom */,
				635BD54C2C3052B3005CFF31 /* VertanomTests */,
				635BD5562C3052B3005CFF31 /* VertanomUITests */,
				635BD53A2C3052B1005CFF31 /* Products */,
			);
			sourceTree = "<group>";
		};
		635BD53A2C3052B1005CFF31 /* Products */ = {
			isa = PBXGroup;
			children = (
				635BD5392C3052B1005CFF31 /* Vertanom.app */,
				635BD5492C3052B3005CFF31 /* VertanomTests.xctest */,
				635BD5532C3052B3005CFF31 /* VertanomUITests.xctest */,
			);
			name = Products;
			sourceTree = "<group>";
		};
		635BD53B2C3052B1005CFF31 /* Vertanom */ = {
			isa = PBXGroup;
			children = (
				635BD53C2C3052B1005CFF31 /* VertanomApp.swift */,
				635BD53E2C3052B1005CFF31 /* ContentView.swift */,
				635BD5402C3052B3005CFF31 /* Assets.xcassets */,
				635BD5422C3052B3005CFF31 /* Preview Content */,
			);
			path = Vertanom;
			sourceTree = "<group>";
		};
		635BD5422C3052B3005CFF31 /* Preview Content */ = {
			isa = PBXGroup;
			children = (
				635BD5432C3052B3005CFF31 /* Preview Assets.xcassets */,
			);
			path = "Preview Content";
			sourceTree = "<group>";
		};
		635BD54C2C3052B3005CFF31 /* VertanomTests */ = {
			isa = PBXGroup;
			children = (
				635BD54D2C3052B3005CFF31 /* VertanomTests.swift */,
			);
			path = VertanomTests;
			sourceTree = "<group>";
		};
		635BD5562C3052B3005CFF31 /* VertanomUITests */ = {
			isa = PBXGroup;
			children = (
				635BD5572C3052B3005CFF31 /* VertanomUITests.swift */,
				635BD5592C3052B3005CFF31 /* VertanomUITestsLaunchTests.swift */,
			);
			path = VertanomUITests;
			sourceTree = "<group>";
		};
/* End PBXGroup section */

/* Begin PBXNativeTarget section */
		635BD5382C3052B1005CFF31 /* Vertanom */ = {
			isa = PBXNativeTarget;
			buildConfigurationList = 635BD55D2C3052B3005CFF31 /* Build configuration list for PBXNativeTarget "Vertanom" */;
			buildPhases = (
				635BD5352C3052B1005CFF31 /* Sources */,
				635BD5362C3052B1005CFF31 /* Frameworks */,
				635BD5372C3052B1005CFF31 /* Resources */,
			);
			buildRules = (
			);
			dependencies = (
			);
			name = Vertanom;
			productName = Vertanom;
			productReference = 635BD5392C3052B1005CFF31 /* Vertanom.app */;
			productType = "com.apple.product-type.application";
		};
		635BD5482C3052B3005CFF31 /* VertanomTests */ = {
			isa = PBXNativeTarget;
			buildConfigurationList = 635BD5602C3052B3005CFF31 /* Build configuration list for PBXNativeTarget "VertanomTests" */;
			buildPhases = (
				635BD5452C3052B3005CFF31 /* Sources */,
				635BD5462C3052B3005CFF31 /* Frameworks */,
				635BD5472C3052B3005CFF31 /* Resources */,
			);
			buildRules = (
			);
			dependencies = (
				635BD54B2C3052B3005CFF31 /* PBXTargetDependency */,
			);
			name = VertanomTests;
			productName = VertanomTests;
			productReference = 635BD5492C3052B3005CFF31 /* VertanomTests.xctest */;
			productType = "com.apple.product-type.bundle.unit-test";
		};
		635BD5522C3052B3005CFF31 /* VertanomUITests */ = {
			isa = PBXNativeTarget;
			buildConfigurationList = 635BD5632C3052B3005CFF31 /* Build configuration list for PBXNativeTarget "VertanomUITests" */;
			buildPhases = (
				635BD54F2C3052B3005CFF31 /* Sources */,
				635BD5502C3052B3005CFF31 /* Frameworks */,
				635BD5512C3052B3005CFF31 /* Resources */,
			);
			buildRules = (
			);
			dependencies = (
				635BD5552C3052B3005CFF31 /* PBXTargetDependency */,
			);
			name = VertanomUITests;
			productName = VertanomUITests;
			productReference = 635BD5532C3052B3005CFF31 /* VertanomUITests.xctest */;
			productType = "com.apple.product-type.bundle.ui-testing";
		};
/* End PBXNativeTarget section */

/* Begin PBXProject section */
		635BD5312C3052B1005CFF31 /* Project object */ = {
			isa = PBXProject;
			attributes = {
				BuildIndependentTargetsInParallel = 1;
				LastSwiftUpdateCheck = 1600;
				LastUpgradeCheck = 1600;
				TargetAttributes = {
					635BD5382C3052B1005CFF31 = {
						CreatedOnToolsVersion = 16.0;
					};
					635BD5482C3052B3005CFF31 = {
						CreatedOnToolsVersion = 16.0;
						TestTargetID = 635BD5382C3052B1005CFF31;
					};
					635BD5522C3052B3005CFF31 = {
						CreatedOnToolsVersion = 16.0;
						TestTargetID = 635BD5382C3052B1005CFF31;
					};
				};
			};
			buildConfigurationList = 635BD5342C3052B1005CFF31 /* Build configuration list for PBXProject "Vertanom" */;
			compatibilityVersion = "Xcode 15.0";
			developmentRegion = en;
			hasScannedForEncodings = 0;
			knownRegions = (
				en,
				Base,
			);
			mainGroup = 635BD5302C3052B1005CFF31;
			productRefGroup = 635BD53A2C3052B1005CFF31 /* Products */;
			projectDirPath = "";
			projectRoot = "";
			targets = (
				635BD5382C3052B1005CFF31 /* Vertanom */,
				635BD5482C3052B3005CFF31 /* VertanomTests */,
				635BD5522C3052B3005CFF31 /* VertanomUITests */,
			);
		};
/* End PBXProject section */

/* Begin PBXResourcesBuildPhase section */
		635BD5372C3052B1005CFF31 /* Resources */ = {
			isa = PBXResourcesBuildPhase;
			buildActionMask = 2147483647;
			files = (
				635BD5442C3052B3005CFF31 /* Preview Assets.xcassets in Resources */,
				635BD5412C3052B3005CFF31 /* Assets.xcassets in Resources */,
			);
			runOnlyForDeploymentPostprocessing = 0;
		};
		635BD5472C3052B3005CFF31 /* Resources */ = {
			isa = PBXResourcesBuildPhase;
			buildActionMask = 2147483647;
			files = (
			);
			runOnlyForDeploymentPostprocessing = 0;
		};
		635BD5512C3052B3005CFF31 /* Resources */ = {
			isa = PBXResourcesBuildPhase;
			buildActionMask = 2147483647;
			files = (
			);
			runOnlyForDeploymentPostprocessing = 0;
		};
/* End PBXResourcesBuildPhase section */

/* Begin PBXSourcesBuildPhase section */
		635BD5352C3052B1005CFF31 /* Sources */ = {
			isa = PBXSourcesBuildPhase;
			buildActionMask = 2147483647;
			files = (
				635BD53F2C3052B1005CFF31 /* ContentView.swift in Sources */,
				635BD53D2C3052B1005CFF31 /* VertanomApp.swift in Sources */,
			);
			runOnlyForDeploymentPostprocessing = 0;
		};
		635BD5452C3052B3005CFF31 /* Sources */ = {
			isa = PBXSourcesBuildPhase;
			buildActionMask = 2147483647;
			files = (
				635BD54E2C3052B3005CFF31 /* VertanomTests.swift in Sources */,
			);
			runOnlyForDeploymentPostprocessing = 0;
		};
		635BD54F2C3052B3005CFF31 /* Sources */ = {
			isa = PBXSourcesBuildPhase;
			buildActionMask = 2147483647;
			files = (
				635BD55A2C3052B3005CFF31 /* VertanomUITestsLaunchTests.swift in Sources */,
				635BD5582C3052B3005CFF31 /* VertanomUITests.swift in Sources */,
			);
			runOnlyForDeploymentPostprocessing = 0;
		};
/* End PBXSourcesBuildPhase section */

/* Begin PBXTargetDependency section */
		635BD54B2C3052B3005CFF31 /* PBXTargetDependency */ = {
			isa = PBXTargetDependency;
			target = 635BD5382C3052B1005CFF31 /* Vertanom */;
			targetProxy = 635BD54A2C3052B3005CFF31 /* PBXContainerItemProxy */;
		};
		635BD5552C3052B3005CFF31 /* PBXTargetDependency */ = {
			isa = PBXTargetDependency;
			target = 635BD5382C3052B1005CFF31 /* Vertanom */;
			targetProxy = 635BD5542C3052B3005CFF31 /* PBXContainerItemProxy */;
		};
/* End PBXTargetDependency section */

/* Begin XCBuildConfiguration section */
		635BD55B2C3052B3005CFF31 /* Debug */ = {
			isa = XCBuildConfiguration;
			buildSettings = {
				ALWAYS_SEARCH_USER_PATHS = NO;
				ASSETCATALOG_COMPILER_GENERATE_SWIFT_ASSET_SYMBOL_EXTENSIONS = YES;
				CLANG_ANALYZER_NONNULL = YES;
				CLANG_ANALYZER_NUMBER_OBJECT_CONVERSION = YES_AGGRESSIVE;
				CLANG_CXX_LANGUAGE_STANDARD = "gnu++20";
				CLANG_ENABLE_MODULES = YES;
				CLANG_ENABLE_OBJC_ARC = YES;
				CLANG_ENABLE_OBJC_WEAK = YES;
				CLANG_WARN_BLOCK_CAPTURE_AUTORELEASING = YES;
				CLANG_WARN_BOOL_CONVERSION = YES;
				CLANG_WARN_COMMA = YES;
				CLANG_WARN_CONSTANT_CONVERSION = YES;
				CLANG_WARN_DEPRECATED_OBJC_IMPLEMENTATIONS = YES;
				CLANG_WARN_DIRECT_OBJC_ISA_USAGE = YES_ERROR;
				CLANG_WARN_DOCUMENTATION_COMMENTS = YES;
				CLANG_WARN_EMPTY_BODY = YES;
				CLANG_WARN_ENUM_CONVERSION = YES;
				CLANG_WARN_INFINITE_RECURSION = YES;
				CLANG_WARN_INT_CONVERSION = YES;
				CLANG_WARN_NON_LITERAL_NULL_CONVERSION = YES;
				CLANG_WARN_OBJC_IMPLICIT_RETAIN_SELF = YES;
				CLANG_WARN_OBJC_LITERAL_CONVERSION = YES;
				CLANG_WARN_OBJC_ROOT_CLASS = YES_ERROR;
				CLANG_WARN_QUOTED_INCLUDE_IN_FRAMEWORK_HEADER = YES;
				CLANG_WARN_RANGE_LOOP_ANALYSIS = YES;
				CLANG_WARN_STRICT_PROTOTYPES = YES;
				CLANG_WARN_SUSPICIOUS_MOVE = YES;
				CLANG_WARN_UNGUARDED_AVAILABILITY = YES_AGGRESSIVE;
				CLANG_WARN_UNREACHABLE_CODE = YES;
				CLANG_WARN__DUPLICATE_METHOD_MATCH = YES;
				COPY_PHASE_STRIP = NO;
				DEBUG_INFORMATION_FORMAT = dwarf;
				ENABLE_STRICT_OBJC_MSGSEND = YES;
				ENABLE_TESTABILITY = YES;
				ENABLE_USER_SCRIPT_SANDBOXING = YES;
				GCC_C_LANGUAGE_STANDARD = gnu17;
				GCC_DYNAMIC_NO_PIC = NO;
				GCC_NO_COMMON_BLOCKS = YES;
				GCC_OPTIMIZATION_LEVEL = 0;
				GCC_PREPROCESSOR_DEFINITIONS = (
					"DEBUG=1",
					"$(inherited)",
				);
				GCC_WARN_64_TO_32_BIT_CONVERSION = YES;
				GCC_WARN_ABOUT_RETURN_TYPE = YES_ERROR;
				GCC_WARN_UNDECLARED_SELECTOR = YES;
				GCC_WARN_UNINITIALIZED_AUTOS = YES_AGGRESSIVE;
				GCC_WARN_UNUSED_FUNCTION = YES;
				GCC_WARN_UNUSED_VARIABLE = YES;
				IPHONEOS_DEPLOYMENT_TARGET = 18.0;
				LOCALIZATION_PREFERS_STRING_CATALOGS = YES;
				MTL_ENABLE_DEBUG_INFO = INCLUDE_SOURCE;
				MTL_FAST_MATH = YES;
				ONLY_ACTIVE_ARCH = YES;
				SDKROOT = iphoneos;
				SWIFT_ACTIVE_COMPILATION_CONDITIONS = "DEBUG $(inherited)";
				SWIFT_OPTIMIZATION_LEVEL = "-Onone";
			};
			name = Debug;
		};
		635BD55C2C3052B3005CFF31 /* Release */ = {
			isa = XCBuildConfiguration;
			buildSettings = {
				ALWAYS_SEARCH_USER_PATHS = NO;
				ASSETCATALOG_COMPILER_GENERATE_SWIFT_ASSET_SYMBOL_EXTENSIONS = YES;
				CLANG_ANALYZER_NONNULL = YES;
				CLANG_ANALYZER_NUMBER_OBJECT_CONVERSION = YES_AGGRESSIVE;
				CLANG_CXX_LANGUAGE_STANDARD = "gnu++20";
				CLANG_ENABLE_MODULES = YES;
				CLANG_ENABLE_OBJC_ARC = YES;
				CLANG_ENABLE_OBJC_WEAK = YES;
				CLANG_WARN_BLOCK_CAPTURE_AUTORELEASING = YES;
				CLANG_WARN_BOOL_CONVERSION = YES;
				CLANG_WARN_COMMA = YES;
				CLANG_WARN_CONSTANT_CONVERSION = YES;
				CLANG_WARN_DEPRECATED_OBJC_IMPLEMENTATIONS = YES;
				CLANG_WARN_DIRECT_OBJC_ISA_USAGE = YES_ERROR;
				CLANG_WARN_DOCUMENTATION_COMMENTS = YES;
				CLANG_WARN_EMPTY_BODY = YES;
				CLANG_WARN_ENUM_CONVERSION = YES;
				CLANG_WARN_INFINITE_RECURSION = YES;
				CLANG_WARN_INT_CONVERSION = YES;
				CLANG_WARN_NON_LITERAL_NULL_CONVERSION = YES;
				CLANG_WARN_OBJC_IMPLICIT_RETAIN_SELF = YES;
				CLANG_WARN_OBJC_LITERAL_CONVERSION = YES;
				CLANG_WARN_OBJC_ROOT_CLASS = YES_ERROR;
				CLANG_WARN_QUOTED_INCLUDE_IN_FRAMEWORK_HEADER = YES;
				CLANG_WARN_RANGE_LOOP_ANALYSIS = YES;
				CLANG_WARN_STRICT_PROTOTYPES = YES;
				CLANG_WARN_SUSPICIOUS_MOVE = YES;
				CLANG_WARN_UNGUARDED_AVAILABILITY = YES_AGGRESSIVE;
				CLANG_WARN_UNREACHABLE_CODE = YES;
				CLANG_WARN__DUPLICATE_METHOD_MATCH = YES;
				COPY_PHASE_STRIP = NO;
				DEBUG_INFORMATION_FORMAT = "dwarf-with-dsym";
				ENABLE_NS_ASSERTIONS = NO;
				ENABLE_STRICT_OBJC_MSGSEND = YES;
				ENABLE_USER_SCRIPT_SANDBOXING = YES;
				GCC_C_LANGUAGE_STANDARD = gnu17;
				GCC_NO_COMMON_BLOCKS = YES;
				GCC_WARN_64_TO_32_BIT_CONVERSION = YES;
				GCC_WARN_ABOUT_RETURN_TYPE = YES_ERROR;
				GCC_WARN_UNDECLARED_SELECTOR = YES;
				GCC_WARN_UNINITIALIZED_AUTOS = YES_AGGRESSIVE;
				GCC_WARN_UNUSED_FUNCTION = YES;
				GCC_WARN_UNUSED_VARIABLE = YES;
				IPHONEOS_DEPLOYMENT_TARGET = 18.0;
				LOCALIZATION_PREFERS_STRING_CATALOGS = YES;
				MTL_ENABLE_DEBUG_INFO = NO;
				MTL_FAST_MATH = YES;
				SDKROOT = iphoneos;
				SWIFT_COMPILATION_MODE = wholemodule;
				VALIDATE_PRODUCT = YES;
			};
			name = Release;
		};
		635BD55E2C3052B3005CFF31 /* Debug */ = {
			isa = XCBuildConfiguration;
			buildSettings = {
				ASSETCATALOG_COMPILER_APPICON_NAME = AppIcon;
				ASSETCATALOG_COMPILER_GLOBAL_ACCENT_COLOR_NAME = AccentColor;
				CODE_SIGN_STYLE = Automatic;
				CURRENT_PROJECT_VERSION = 1;
				DEVELOPMENT_ASSET_PATHS = "\"Vertanom/Preview Content\"";
				DEVELOPMENT_TEAM = NSA2PC5U28;
				ENABLE_PREVIEWS = YES;
				GENERATE_INFOPLIST_FILE = YES;
				INFOPLIST_KEY_UIApplicationSceneManifest_Generation = YES;
				INFOPLIST_KEY_UIApplicationSupportsIndirectInputEvents = YES;
				INFOPLIST_KEY_UILaunchScreen_Generation = YES;
				INFOPLIST_KEY_UISupportedInterfaceOrientations_iPad = "UIInterfaceOrientationPortrait UIInterfaceOrientationPortraitUpsideDown UIInterfaceOrientationLandscapeLeft UIInterfaceOrientationLandscapeRight";
				INFOPLIST_KEY_UISupportedInterfaceOrientations_iPhone = "UIInterfaceOrientationPortrait UIInterfaceOrientationLandscapeLeft UIInterfaceOrientationLandscapeRight";
				LD_RUNPATH_SEARCH_PATHS = (
					"$(inherited)",
					"@executable_path/Frameworks",
				);
				MARKETING_VERSION = 1.0;
				PRODUCT_BUNDLE_IDENTIFIER = com.tristanlistanco.Vertanom;
				PRODUCT_NAME = "$(TARGET_NAME)";
				SWIFT_EMIT_LOC_STRINGS = YES;
				SWIFT_VERSION = 5.0;
				TARGETED_DEVICE_FAMILY = "1,2";
			};
			name = Debug;
		};
		635BD55F2C3052B3005CFF31 /* Release */ = {
			isa = XCBuildConfiguration;
			buildSettings = {
				ASSETCATALOG_COMPILER_APPICON_NAME = AppIcon;
				ASSETCATALOG_COMPILER_GLOBAL_ACCENT_COLOR_NAME = AccentColor;
				CODE_SIGN_STYLE = Automatic;
				CURRENT_PROJECT_VERSION = 1;
				DEVELOPMENT_ASSET_PATHS = "\"Vertanom/Preview Content\"";
				DEVELOPMENT_TEAM = NSA2PC5U28;
				ENABLE_PREVIEWS = YES;
				GENERATE_INFOPLIST_FILE = YES;
				INFOPLIST_KEY_UIApplicationSceneManifest_Generation = YES;
				INFOPLIST_KEY_UIApplicationSupportsIndirectInputEvents = YES;
				INFOPLIST_KEY_UILaunchScreen_Generation = YES;
				INFOPLIST_KEY_UISupportedInterfaceOrientations_iPad = "UIInterfaceOrientationPortrait UIInterfaceOrientationPortraitUpsideDown UIInterfaceOrientationLandscapeLeft UIInterfaceOrientationLandscapeRight";
				INFOPLIST_KEY_UISupportedInterfaceOrientations_iPhone = "UIInterfaceOrientationPortrait UIInterfaceOrientationLandscapeLeft UIInterfaceOrientationLandscapeRight";
				LD_RUNPATH_SEARCH_PATHS = (
					"$(inherited)",
					"@executable_path/Frameworks",
				);
				MARKETING_VERSION = 1.0;
				PRODUCT_BUNDLE_IDENTIFIER = com.tristanlistanco.Vertanom;
				PRODUCT_NAME = "$(TARGET_NAME)";
				SWIFT_EMIT_LOC_STRINGS = YES;
				SWIFT_VERSION = 5.0;
				TARGETED_DEVICE_FAMILY = "1,2";
			};
			name = Release;
		};
		635BD5612C3052B3005CFF31 /* Debug */ = {
			isa = XCBuildConfiguration;
			buildSettings = {
				BUNDLE_LOADER = "$(TEST_HOST)";
				CODE_SIGN_STYLE = Automatic;
				CURRENT_PROJECT_VERSION = 1;
				DEVELOPMENT_TEAM = NSA2PC5U28;
				GENERATE_INFOPLIST_FILE = YES;
				IPHONEOS_DEPLOYMENT_TARGET = 18.0;
				MARKETING_VERSION = 1.0;
				PRODUCT_BUNDLE_IDENTIFIER = com.tristanlistanco.VertanomTests;
				PRODUCT_NAME = "$(TARGET_NAME)";
				SWIFT_EMIT_LOC_STRINGS = NO;
				SWIFT_VERSION = 5.0;
				TARGETED_DEVICE_FAMILY = "1,2";
				TEST_HOST = "$(BUILT_PRODUCTS_DIR)/Vertanom.app/$(BUNDLE_EXECUTABLE_FOLDER_PATH)/Vertanom";
			};
			name = Debug;
		};
		635BD5622C3052B3005CFF31 /* Release */ = {
			isa = XCBuildConfiguration;
			buildSettings = {
				BUNDLE_LOADER = "$(TEST_HOST)";
				CODE_SIGN_STYLE = Automatic;
				CURRENT_PROJECT_VERSION = 1;
				DEVELOPMENT_TEAM = NSA2PC5U28;
				GENERATE_INFOPLIST_FILE = YES;
				IPHONEOS_DEPLOYMENT_TARGET = 18.0;
				MARKETING_VERSION = 1.0;
				PRODUCT_BUNDLE_IDENTIFIER = com.tristanlistanco.VertanomTests;
				PRODUCT_NAME = "$(TARGET_NAME)";
				SWIFT_EMIT_LOC_STRINGS = NO;
				SWIFT_VERSION = 5.0;
				TARGETED_DEVICE_FAMILY = "1,2";
				TEST_HOST = "$(BUILT_PRODUCTS_DIR)/Vertanom.app/$(BUNDLE_EXECUTABLE_FOLDER_PATH)/Vertanom";
			};
			name = Release;
		};
		635BD5642C3052B3005CFF31 /* Debug */ = {
			isa = XCBuildConfiguration;
			buildSettings = {
				CODE_SIGN_STYLE = Automatic;
				CURRENT_PROJECT_VERSION = 1;
				DEVELOPMENT_TEAM = NSA2PC5U28;
				GENERATE_INFOPLIST_FILE = YES;
				MARKETING_VERSION = 1.0;
				PRODUCT_BUNDLE_IDENTIFIER = com.tristanlistanco.VertanomUITests;
				PRODUCT_NAME = "$(TARGET_NAME)";
				SWIFT_EMIT_LOC_STRINGS = NO;
				SWIFT_VERSION = 5.0;
				TARGETED_DEVICE_FAMILY = "1,2";
				TEST_TARGET_NAME = Vertanom;
			};
			name = Debug;
		};
		635BD5652C3052B3005CFF31 /* Release */ = {
			isa = XCBuildConfiguration;
			buildSettings = {
				CODE_SIGN_STYLE = Automatic;
				CURRENT_PROJECT_VERSION = 1;
				DEVELOPMENT_TEAM = NSA2PC5U28;
				GENERATE_INFOPLIST_FILE = YES;
				MARKETING_VERSION = 1.0;
				PRODUCT_BUNDLE_IDENTIFIER = com.tristanlistanco.VertanomUITests;
				PRODUCT_NAME = "$(TARGET_NAME)";
				SWIFT_EMIT_LOC_STRINGS = NO;
				SWIFT_VERSION = 5.0;
				TARGETED_DEVICE_FAMILY = "1,2";
				TEST_TARGET_NAME = Vertanom;
			};
			name = Release;
		};
/* End XCBuildConfiguration section */

/* Begin XCConfigurationList section */
		635BD5342C3052B1005CFF31 /* Build configuration list for PBXProject "Vertanom" */ = {
			isa = XCConfigurationList;
			buildConfigurations = (
				635BD55B2C3052B3005CFF31 /* Debug */,
				635BD55C2C3052B3005CFF31 /* Release */,
			);
			defaultConfigurationIsVisible = 0;
			defaultConfigurationName = Release;
		};
		635BD55D2C3052B3005CFF31 /* Build configuration list for PBXNativeTarget "Vertanom" */ = {
			isa = XCConfigurationList;
			buildConfigurations = (
				635BD55E2C3052B3005CFF31 /* Debug */,
				635BD55F2C3052B3005CFF31 /* Release */,
			);
			defaultConfigurationIsVisible = 0;
			defaultConfigurationName = Release;
		};
		635BD5602C3052B3005CFF31 /* Build configuration list for PBXNativeTarget "VertanomTests" */ = {
			isa = XCConfigurationList;
			buildConfigurations = (
				635BD5612C3052B3005CFF31 /* Debug */,
				635BD5622C3052B3005CFF31 /* Release */,
			);
			defaultConfigurationIsVisible = 0;
			defaultConfigurationName = Release;
		};
		635BD5632C3052B3005CFF31 /* Build configuration list for PBXNativeTarget "VertanomUITests" */ = {
			isa = XCConfigurationList;
			buildConfigurations = (
				635BD5642C3052B3005CFF31 /* Debug */,
				635BD5652C3052B3005CFF31 /* Release */,
			);
			defaultConfigurationIsVisible = 0;
			defaultConfigurationName = Release;
		};
/* End XCConfigurationList section */
	};
	rootObject = 635BD5312C3052B1005CFF31 /* Project object */;
}
